
Microsoft Visual Studio Solution File, Format Version 12.00
# Visual Studio Version 16
VisualStudioVersion = 16.0.31005.135
MinimumVisualStudioVersion = 10.0.40219.1
Project("{FAE04EC0-301F-11D3-BF4B-00C04F79EFBC}") = "GrossSalary", "GrossSalary\GrossSalary.csproj", "{B3ED6B40-93B7-46F2-9139-2F309F260BE1}"
EndProject
Global
	GlobalSection(SolutionConfigurationPlatforms) = preSolution
		Debug|Any CPU = Debug|Any CPU
		Release|Any CPU = Release|Any CPU
	EndGlobalSection
	GlobalSection(ProjectConfigurationPlatforms) = postSolution
		{B3ED6B40-93B7-46F2-9139-2F309F260BE1}.Debug|Any CPU.ActiveCfg = Debug|Any CPU
		{B3ED6B40-93B7-46F2-9139-2F309F260BE1}.Debug|Any CPU.Build.0 = Debug|Any CPU
		{B3ED6B40-93B7-46F2-9139-2F309F260BE1}.Release|Any CPU.ActiveCfg = Release|Any CPU
		{B3ED6B40-93B7-46F2-9139-2F309F260BE1}.Release|Any CPU.Build.0 = Release|Any CPU
	EndGlobalSection
	GlobalSection(SolutionProperties) = preSolution
		HideSolutionNode = FALSE
	EndGlobalSection
	GlobalSection(ExtensibilityGlobals) = postSolution
		SolutionGuid = {EEF41B55-3C52-44B6-B1F8-793BE6A8FCBF}
	EndGlobalSection
EndGlobal
